// !$*UTF8*$!
{
	archiveVersion = 1;
	classes = {
	};
	objectVersion = 56;
	objects = {

/* Begin PBXBuildFile section */
		CE0FEC342ABF64E20030A8C8 /* AppDelegate.swift in Sources */ = {isa = PBXBuildFile; fileRef = CE0FEC332ABF64E20030A8C8 /* AppDelegate.swift */; };
		CE0FEC362ABF64E20030A8C8 /* SceneDelegate.swift in Sources */ = {isa = PBXBuildFile; fileRef = CE0FEC352ABF64E20030A8C8 /* SceneDelegate.swift */; };
		CE0FEC382ABF64E20030A8C8 /* ViewController.swift in Sources */ = {isa = PBXBuildFile; fileRef = CE0FEC372ABF64E20030A8C8 /* ViewController.swift */; };
		CE0FEC3B2ABF64E20030A8C8 /* Main.storyboard in Resources */ = {isa = PBXBuildFile; fileRef = CE0FEC392ABF64E20030A8C8 /* Main.storyboard */; };
		CE0FEC3D2ABF64E30030A8C8 /* Assets.xcassets in Resources */ = {isa = PBXBuildFile; fileRef = CE0FEC3C2ABF64E30030A8C8 /* Assets.xcassets */; };
		CE0FEC402ABF64E30030A8C8 /* LaunchScreen.storyboard in Resources */ = {isa = PBXBuildFile; fileRef = CE0FEC3E2ABF64E30030A8C8 /* LaunchScreen.storyboard */; };
		CE0FEC482ABF69EF0030A8C8 /* CustomAuthTextField.swift in Sources */ = {isa = PBXBuildFile; fileRef = CE0FEC472ABF69EF0030A8C8 /* CustomAuthTextField.swift */; };
		CE0FEC4A2AC899380030A8C8 /* LoginViewController.swift in Sources */ = {isa = PBXBuildFile; fileRef = CE0FEC492AC899380030A8C8 /* LoginViewController.swift */; };
		CE0FEC4C2AC89AC60030A8C8 /* CreateAccountViewController.swift in Sources */ = {isa = PBXBuildFile; fileRef = CE0FEC4B2AC89AC60030A8C8 /* CreateAccountViewController.swift */; };
		FC19188D2AF6CE9900E09089 /* PhoneTableViewCell.swift in Sources */ = {isa = PBXBuildFile; fileRef = FC19188B2AF6CE9900E09089 /* PhoneTableViewCell.swift */; };
		FC19188E2AF6CE9900E09089 /* PhoneTableViewCell.xib in Resources */ = {isa = PBXBuildFile; fileRef = FC19188C2AF6CE9900E09089 /* PhoneTableViewCell.xib */; };
		FC2A19882AE6B9DF0009ADB4 /* SelectorTableViewCell.swift in Sources */ = {isa = PBXBuildFile; fileRef = FC2A19862AE6B9DF0009ADB4 /* SelectorTableViewCell.swift */; };
		FC2A19892AE6B9DF0009ADB4 /* SelectorTableViewCell.xib in Resources */ = {isa = PBXBuildFile; fileRef = FC2A19872AE6B9DF0009ADB4 /* SelectorTableViewCell.xib */; };
		FC2A198C2AE6F62E0009ADB4 /* HygieneType.swift in Sources */ = {isa = PBXBuildFile; fileRef = FC2A198B2AE6F62E0009ADB4 /* HygieneType.swift */; };
		FC2A198E2AE6F9680009ADB4 /* SelfCare.swift in Sources */ = {isa = PBXBuildFile; fileRef = FC2A198D2AE6F9680009ADB4 /* SelfCare.swift */; };
		FC2A19902AE6FA1E0009ADB4 /* SkinType.swift in Sources */ = {isa = PBXBuildFile; fileRef = FC2A198F2AE6FA1E0009ADB4 /* SkinType.swift */; };
		FC2A19922AE7EBA80009ADB4 /* DataOptionType.swift in Sources */ = {isa = PBXBuildFile; fileRef = FC2A19912AE7EBA80009ADB4 /* DataOptionType.swift */; };
		FC2A19942AE804900009ADB4 /* ImageFeaturesViewController.swift in Sources */ = {isa = PBXBuildFile; fileRef = FC2A19932AE804900009ADB4 /* ImageFeaturesViewController.swift */; };
		FC2A19962AE8099D0009ADB4 /* SymptomType.swift in Sources */ = {isa = PBXBuildFile; fileRef = FC2A19952AE8099D0009ADB4 /* SymptomType.swift */; };
		FC2A19982AE80AAC0009ADB4 /* InjurySite.swift in Sources */ = {isa = PBXBuildFile; fileRef = FC2A19972AE80AAC0009ADB4 /* InjurySite.swift */; };
		FC2A199A2AE80C450009ADB4 /* ExudateType.swift in Sources */ = {isa = PBXBuildFile; fileRef = FC2A19992AE80C450009ADB4 /* ExudateType.swift */; };
		FC2A199C2AE80EF70009ADB4 /* ExudateAmount.swift in Sources */ = {isa = PBXBuildFile; fileRef = FC2A199B2AE80EF70009ADB4 /* ExudateAmount.swift */; };
		FC2A19A02AE879390009ADB4 /* ImagePickerCustomTableViewCell.swift in Sources */ = {isa = PBXBuildFile; fileRef = FC2A199E2AE879390009ADB4 /* ImagePickerCustomTableViewCell.swift */; };
		FC2A19A12AE879390009ADB4 /* ImagePickerCustomTableViewCell.xib in Resources */ = {isa = PBXBuildFile; fileRef = FC2A199F2AE879390009ADB4 /* ImagePickerCustomTableViewCell.xib */; };
		FC2A19A62AE8918E0009ADB4 /* AnamnesesView.storyboard in Resources */ = {isa = PBXBuildFile; fileRef = FC2A19A52AE8918E0009ADB4 /* AnamnesesView.storyboard */; };
		FC2A19AC2AE8A4E30009ADB4 /* carouselTableViewCell.swift in Sources */ = {isa = PBXBuildFile; fileRef = FC2A19AA2AE8A4E30009ADB4 /* carouselTableViewCell.swift */; };
		FC2A19AD2AE8A4E30009ADB4 /* carouselTableViewCell.xib in Resources */ = {isa = PBXBuildFile; fileRef = FC2A19AB2AE8A4E30009ADB4 /* carouselTableViewCell.xib */; };
		FC2F2B452AEC0571003E104E /* TextTableViewCell.swift in Sources */ = {isa = PBXBuildFile; fileRef = FC2F2B432AEC0571003E104E /* TextTableViewCell.swift */; };
		FC2F2B462AEC0571003E104E /* TextTableViewCell.xib in Resources */ = {isa = PBXBuildFile; fileRef = FC2F2B442AEC0571003E104E /* TextTableViewCell.xib */; };
		FC4D8CC82AF6783100BCEB2B /* SegmentationViewController.swift in Sources */ = {isa = PBXBuildFile; fileRef = FC4D8CC72AF6783100BCEB2B /* SegmentationViewController.swift */; };
		FC5A0B662AE69B510024F28B /* RiskFactorsViewController.swift in Sources */ = {isa = PBXBuildFile; fileRef = FC5A0B652AE69B510024F28B /* RiskFactorsViewController.swift */; };
		FC67EFA92AEAD69400E5CF00 /* DateTableViewCell.swift in Sources */ = {isa = PBXBuildFile; fileRef = FC67EFA72AEAD69400E5CF00 /* DateTableViewCell.swift */; };
		FC67EFAA2AEAD69400E5CF00 /* DateTableViewCell.xib in Resources */ = {isa = PBXBuildFile; fileRef = FC67EFA82AEAD69400E5CF00 /* DateTableViewCell.xib */; };
		FC7BBC7F2AF6BB7A0005395F /* ProfileViewController.swift in Sources */ = {isa = PBXBuildFile; fileRef = FC7BBC7E2AF6BB7A0005395F /* ProfileViewController.swift */; };
		FC7BBC822AF6BFAC0005395F /* EditProfileViewController.swift in Sources */ = {isa = PBXBuildFile; fileRef = FC7BBC812AF6BFAC0005395F /* EditProfileViewController.swift */; };
		FC7BBC842AF6BFB60005395F /* EditProfile.storyboard in Resources */ = {isa = PBXBuildFile; fileRef = FC7BBC832AF6BFB60005395F /* EditProfile.storyboard */; };
		FCA1692D2AE69E7E008C6B50 /* MobilitType.swift in Sources */ = {isa = PBXBuildFile; fileRef = FCA1692C2AE69E7E008C6B50 /* MobilitType.swift */; };
		FCA169302AE69F9C008C6B50 /* UserManager.swift in Sources */ = {isa = PBXBuildFile; fileRef = FCA1692F2AE69F9C008C6B50 /* UserManager.swift */; };
		FCA169322AE6A293008C6B50 /* UserData.swift in Sources */ = {isa = PBXBuildFile; fileRef = FCA169312AE6A293008C6B50 /* UserData.swift */; };
		FCBD9AF92AF92A950030B6EB /* String.swift in Sources */ = {isa = PBXBuildFile; fileRef = FCBD9AF82AF92A950030B6EB /* String.swift */; };
		FCCAC2112AF016D90065673D /* InjuryType.swift in Sources */ = {isa = PBXBuildFile; fileRef = FCCAC2102AF016D90065673D /* InjuryType.swift */; };
		FCCAC2132AF01E330065673D /* InjuryInfo.swift in Sources */ = {isa = PBXBuildFile; fileRef = FCCAC2122AF01E330065673D /* InjuryInfo.swift */; };
		FCCAC2152AF025100065673D /* FeridaInfo.swift in Sources */ = {isa = PBXBuildFile; fileRef = FCCAC2142AF025100065673D /* FeridaInfo.swift */; };
		FCCAC2172AF08FB90065673D /* UIViewController.swift in Sources */ = {isa = PBXBuildFile; fileRef = FCCAC2162AF08FB90065673D /* UIViewController.swift */; };
		FCD016BD2AE472980055B2D7 /* AnamnesesViewController.swift in Sources */ = {isa = PBXBuildFile; fileRef = FCD016BC2AE472980055B2D7 /* AnamnesesViewController.swift */; };
		FCD016C22AE487270055B2D7 /* CustomAnamneseCell.swift in Sources */ = {isa = PBXBuildFile; fileRef = FCD016C02AE487270055B2D7 /* CustomAnamneseCell.swift */; };
		FCD016C32AE487270055B2D7 /* CustomAnamneseCell.xib in Resources */ = {isa = PBXBuildFile; fileRef = FCD016C12AE487270055B2D7 /* CustomAnamneseCell.xib */; };
		FCD016C72AE4A3E20055B2D7 /* Anamnese.swift in Sources */ = {isa = PBXBuildFile; fileRef = FCD016C62AE4A3E20055B2D7 /* Anamnese.swift */; };
		FCD671A32AE16D180083FDC2 /* HomeViewController.swift in Sources */ = {isa = PBXBuildFile; fileRef = FCD671A22AE16D180083FDC2 /* HomeViewController.swift */; };
		FCD671A62AE19BD70083FDC2 /* MyTableViewCell.swift in Sources */ = {isa = PBXBuildFile; fileRef = FCD671A42AE19BD70083FDC2 /* MyTableViewCell.swift */; };
		FCD671A72AE19BD70083FDC2 /* MyTableViewCell.xib in Resources */ = {isa = PBXBuildFile; fileRef = FCD671A52AE19BD70083FDC2 /* MyTableViewCell.xib */; };
		FCD671A92AE1C00A0083FDC2 /* ApiManager.swift in Sources */ = {isa = PBXBuildFile; fileRef = FCD671A82AE1C00A0083FDC2 /* ApiManager.swift */; };
		FCD671AC2AE218EA0083FDC2 /* PatitentsData.swift in Sources */ = {isa = PBXBuildFile; fileRef = FCD671AB2AE218EA0083FDC2 /* PatitentsData.swift */; };
		FCD850C92AEC0C60001925ED /* UIView.swift in Sources */ = {isa = PBXBuildFile; fileRef = FCD850C82AEC0C60001925ED /* UIView.swift */; };
		FCD850CB2AEC156B001925ED /* AnamneseInfo.swift in Sources */ = {isa = PBXBuildFile; fileRef = FCD850CA2AEC156B001925ED /* AnamneseInfo.swift */; };
		FCDF8B202AF184650000D39B /* CPFValidator.swift in Sources */ = {isa = PBXBuildFile; fileRef = FCDF8B1F2AF184650000D39B /* CPFValidator.swift */; };
		FCEA347C2AE6868C001B35B4 /* NewAvaliationViewController.swift in Sources */ = {isa = PBXBuildFile; fileRef = FCEA347B2AE6868C001B35B4 /* NewAvaliationViewController.swift */; };
		FCEDD5F92AEC4C6400B6943A /* AnamneseData.swift in Sources */ = {isa = PBXBuildFile; fileRef = FCEDD5F82AEC4C6400B6943A /* AnamneseData.swift */; };
		FCEE46572AE9ADCB00C248C8 /* RegisterPatientViewController.swift in Sources */ = {isa = PBXBuildFile; fileRef = FCEE46562AE9ADCB00C248C8 /* RegisterPatientViewController.swift */; };
/* End PBXBuildFile section */

/* Begin PBXFileReference section */
		CE0FEC302ABF64E20030A8C8 /* Cicatribio.app */ = {isa = PBXFileReference; explicitFileType = wrapper.application; includeInIndex = 0; path = Cicatribio.app; sourceTree = BUILT_PRODUCTS_DIR; };
		CE0FEC332ABF64E20030A8C8 /* AppDelegate.swift */ = {isa = PBXFileReference; lastKnownFileType = sourcecode.swift; path = AppDelegate.swift; sourceTree = "<group>"; };
		CE0FEC352ABF64E20030A8C8 /* SceneDelegate.swift */ = {isa = PBXFileReference; lastKnownFileType = sourcecode.swift; path = SceneDelegate.swift; sourceTree = "<group>"; };
		CE0FEC372ABF64E20030A8C8 /* ViewController.swift */ = {isa = PBXFileReference; lastKnownFileType = sourcecode.swift; path = ViewController.swift; sourceTree = "<group>"; };
		CE0FEC3A2ABF64E20030A8C8 /* Base */ = {isa = PBXFileReference; lastKnownFileType = file.storyboard; name = Base; path = Base.lproj/Main.storyboard; sourceTree = "<group>"; };
		CE0FEC3C2ABF64E30030A8C8 /* Assets.xcassets */ = {isa = PBXFileReference; lastKnownFileType = folder.assetcatalog; path = Assets.xcassets; sourceTree = "<group>"; };
		CE0FEC3F2ABF64E30030A8C8 /* Base */ = {isa = PBXFileReference; lastKnownFileType = file.storyboard; name = Base; path = Base.lproj/LaunchScreen.storyboard; sourceTree = "<group>"; };
		CE0FEC412ABF64E30030A8C8 /* Info.plist */ = {isa = PBXFileReference; lastKnownFileType = text.plist.xml; path = Info.plist; sourceTree = "<group>"; };
		CE0FEC472ABF69EF0030A8C8 /* CustomAuthTextField.swift */ = {isa = PBXFileReference; lastKnownFileType = sourcecode.swift; path = CustomAuthTextField.swift; sourceTree = "<group>"; };
		CE0FEC492AC899380030A8C8 /* LoginViewController.swift */ = {isa = PBXFileReference; lastKnownFileType = sourcecode.swift; path = LoginViewController.swift; sourceTree = "<group>"; };
		CE0FEC4B2AC89AC60030A8C8 /* CreateAccountViewController.swift */ = {isa = PBXFileReference; lastKnownFileType = sourcecode.swift; path = CreateAccountViewController.swift; sourceTree = "<group>"; };
		FC19188B2AF6CE9900E09089 /* PhoneTableViewCell.swift */ = {isa = PBXFileReference; lastKnownFileType = sourcecode.swift; path = PhoneTableViewCell.swift; sourceTree = "<group>"; };
		FC19188C2AF6CE9900E09089 /* PhoneTableViewCell.xib */ = {isa = PBXFileReference; lastKnownFileType = file.xib; path = PhoneTableViewCell.xib; sourceTree = "<group>"; };
		FC2A19862AE6B9DF0009ADB4 /* SelectorTableViewCell.swift */ = {isa = PBXFileReference; lastKnownFileType = sourcecode.swift; path = SelectorTableViewCell.swift; sourceTree = "<group>"; };
		FC2A19872AE6B9DF0009ADB4 /* SelectorTableViewCell.xib */ = {isa = PBXFileReference; lastKnownFileType = file.xib; path = SelectorTableViewCell.xib; sourceTree = "<group>"; };
		FC2A198B2AE6F62E0009ADB4 /* HygieneType.swift */ = {isa = PBXFileReference; lastKnownFileType = sourcecode.swift; path = HygieneType.swift; sourceTree = "<group>"; };
		FC2A198D2AE6F9680009ADB4 /* SelfCare.swift */ = {isa = PBXFileReference; lastKnownFileType = sourcecode.swift; path = SelfCare.swift; sourceTree = "<group>"; };
		FC2A198F2AE6FA1E0009ADB4 /* SkinType.swift */ = {isa = PBXFileReference; lastKnownFileType = sourcecode.swift; path = SkinType.swift; sourceTree = "<group>"; };
		FC2A19912AE7EBA80009ADB4 /* DataOptionType.swift */ = {isa = PBXFileReference; lastKnownFileType = sourcecode.swift; path = DataOptionType.swift; sourceTree = "<group>"; };
		FC2A19932AE804900009ADB4 /* ImageFeaturesViewController.swift */ = {isa = PBXFileReference; lastKnownFileType = sourcecode.swift; path = ImageFeaturesViewController.swift; sourceTree = "<group>"; };
		FC2A19952AE8099D0009ADB4 /* SymptomType.swift */ = {isa = PBXFileReference; lastKnownFileType = sourcecode.swift; path = SymptomType.swift; sourceTree = "<group>"; };
		FC2A19972AE80AAC0009ADB4 /* InjurySite.swift */ = {isa = PBXFileReference; lastKnownFileType = sourcecode.swift; path = InjurySite.swift; sourceTree = "<group>"; };
		FC2A19992AE80C450009ADB4 /* ExudateType.swift */ = {isa = PBXFileReference; lastKnownFileType = sourcecode.swift; path = ExudateType.swift; sourceTree = "<group>"; };
		FC2A199B2AE80EF70009ADB4 /* ExudateAmount.swift */ = {isa = PBXFileReference; lastKnownFileType = sourcecode.swift; path = ExudateAmount.swift; sourceTree = "<group>"; };
		FC2A199E2AE879390009ADB4 /* ImagePickerCustomTableViewCell.swift */ = {isa = PBXFileReference; lastKnownFileType = sourcecode.swift; path = ImagePickerCustomTableViewCell.swift; sourceTree = "<group>"; };
		FC2A199F2AE879390009ADB4 /* ImagePickerCustomTableViewCell.xib */ = {isa = PBXFileReference; lastKnownFileType = file.xib; path = ImagePickerCustomTableViewCell.xib; sourceTree = "<group>"; };
		FC2A19A52AE8918E0009ADB4 /* AnamnesesView.storyboard */ = {isa = PBXFileReference; lastKnownFileType = file.storyboard; path = AnamnesesView.storyboard; sourceTree = "<group>"; };
		FC2A19AA2AE8A4E30009ADB4 /* carouselTableViewCell.swift */ = {isa = PBXFileReference; lastKnownFileType = sourcecode.swift; path = carouselTableViewCell.swift; sourceTree = "<group>"; };
		FC2A19AB2AE8A4E30009ADB4 /* carouselTableViewCell.xib */ = {isa = PBXFileReference; lastKnownFileType = file.xib; path = carouselTableViewCell.xib; sourceTree = "<group>"; };
		FC2F2B432AEC0571003E104E /* TextTableViewCell.swift */ = {isa = PBXFileReference; lastKnownFileType = sourcecode.swift; path = TextTableViewCell.swift; sourceTree = "<group>"; };
		FC2F2B442AEC0571003E104E /* TextTableViewCell.xib */ = {isa = PBXFileReference; lastKnownFileType = file.xib; path = TextTableViewCell.xib; sourceTree = "<group>"; };
		FC4D8CC72AF6783100BCEB2B /* SegmentationViewController.swift */ = {isa = PBXFileReference; lastKnownFileType = sourcecode.swift; path = SegmentationViewController.swift; sourceTree = "<group>"; };
		FC5A0B652AE69B510024F28B /* RiskFactorsViewController.swift */ = {isa = PBXFileReference; lastKnownFileType = sourcecode.swift; path = RiskFactorsViewController.swift; sourceTree = "<group>"; };
		FC67EFA72AEAD69400E5CF00 /* DateTableViewCell.swift */ = {isa = PBXFileReference; lastKnownFileType = sourcecode.swift; path = DateTableViewCell.swift; sourceTree = "<group>"; };
		FC67EFA82AEAD69400E5CF00 /* DateTableViewCell.xib */ = {isa = PBXFileReference; lastKnownFileType = file.xib; path = DateTableViewCell.xib; sourceTree = "<group>"; };
		FC7BBC7E2AF6BB7A0005395F /* ProfileViewController.swift */ = {isa = PBXFileReference; lastKnownFileType = sourcecode.swift; path = ProfileViewController.swift; sourceTree = "<group>"; };
		FC7BBC812AF6BFAC0005395F /* EditProfileViewController.swift */ = {isa = PBXFileReference; lastKnownFileType = sourcecode.swift; path = EditProfileViewController.swift; sourceTree = "<group>"; };
		FC7BBC832AF6BFB60005395F /* EditProfile.storyboard */ = {isa = PBXFileReference; lastKnownFileType = file.storyboard; path = EditProfile.storyboard; sourceTree = "<group>"; };
		FCA1692C2AE69E7E008C6B50 /* MobilitType.swift */ = {isa = PBXFileReference; lastKnownFileType = sourcecode.swift; path = MobilitType.swift; sourceTree = "<group>"; };
		FCA1692F2AE69F9C008C6B50 /* UserManager.swift */ = {isa = PBXFileReference; lastKnownFileType = sourcecode.swift; path = UserManager.swift; sourceTree = "<group>"; };
		FCA169312AE6A293008C6B50 /* UserData.swift */ = {isa = PBXFileReference; lastKnownFileType = sourcecode.swift; path = UserData.swift; sourceTree = "<group>"; };
		FCBD9AF82AF92A950030B6EB /* String.swift */ = {isa = PBXFileReference; lastKnownFileType = sourcecode.swift; path = String.swift; sourceTree = "<group>"; };
		FCCAC2102AF016D90065673D /* InjuryType.swift */ = {isa = PBXFileReference; lastKnownFileType = sourcecode.swift; path = InjuryType.swift; sourceTree = "<group>"; };
		FCCAC2122AF01E330065673D /* InjuryInfo.swift */ = {isa = PBXFileReference; lastKnownFileType = sourcecode.swift; path = InjuryInfo.swift; sourceTree = "<group>"; };
		FCCAC2142AF025100065673D /* FeridaInfo.swift */ = {isa = PBXFileReference; lastKnownFileType = sourcecode.swift; path = FeridaInfo.swift; sourceTree = "<group>"; };
		FCCAC2162AF08FB90065673D /* UIViewController.swift */ = {isa = PBXFileReference; lastKnownFileType = sourcecode.swift; path = UIViewController.swift; sourceTree = "<group>"; };
		FCD016BC2AE472980055B2D7 /* AnamnesesViewController.swift */ = {isa = PBXFileReference; lastKnownFileType = sourcecode.swift; path = AnamnesesViewController.swift; sourceTree = "<group>"; };
		FCD016C02AE487270055B2D7 /* CustomAnamneseCell.swift */ = {isa = PBXFileReference; lastKnownFileType = sourcecode.swift; path = CustomAnamneseCell.swift; sourceTree = "<group>"; };
		FCD016C12AE487270055B2D7 /* CustomAnamneseCell.xib */ = {isa = PBXFileReference; lastKnownFileType = file.xib; path = CustomAnamneseCell.xib; sourceTree = "<group>"; };
		FCD016C62AE4A3E20055B2D7 /* Anamnese.swift */ = {isa = PBXFileReference; lastKnownFileType = sourcecode.swift; path = Anamnese.swift; sourceTree = "<group>"; };
		FCD671A22AE16D180083FDC2 /* HomeViewController.swift */ = {isa = PBXFileReference; fileEncoding = 4; lastKnownFileType = sourcecode.swift; path = HomeViewController.swift; sourceTree = "<group>"; };
		FCD671A42AE19BD70083FDC2 /* MyTableViewCell.swift */ = {isa = PBXFileReference; lastKnownFileType = sourcecode.swift; path = MyTableViewCell.swift; sourceTree = "<group>"; };
		FCD671A52AE19BD70083FDC2 /* MyTableViewCell.xib */ = {isa = PBXFileReference; lastKnownFileType = file.xib; path = MyTableViewCell.xib; sourceTree = "<group>"; };
		FCD671A82AE1C00A0083FDC2 /* ApiManager.swift */ = {isa = PBXFileReference; lastKnownFileType = sourcecode.swift; path = ApiManager.swift; sourceTree = "<group>"; };
		FCD671AB2AE218EA0083FDC2 /* PatitentsData.swift */ = {isa = PBXFileReference; lastKnownFileType = sourcecode.swift; path = PatitentsData.swift; sourceTree = "<group>"; };
		FCD850C82AEC0C60001925ED /* UIView.swift */ = {isa = PBXFileReference; lastKnownFileType = sourcecode.swift; path = UIView.swift; sourceTree = "<group>"; };
		FCD850CA2AEC156B001925ED /* AnamneseInfo.swift */ = {isa = PBXFileReference; lastKnownFileType = sourcecode.swift; path = AnamneseInfo.swift; sourceTree = "<group>"; };
		FCDF8B1F2AF184650000D39B /* CPFValidator.swift */ = {isa = PBXFileReference; lastKnownFileType = sourcecode.swift; path = CPFValidator.swift; sourceTree = "<group>"; };
		FCEA347B2AE6868C001B35B4 /* NewAvaliationViewController.swift */ = {isa = PBXFileReference; lastKnownFileType = sourcecode.swift; path = NewAvaliationViewController.swift; sourceTree = "<group>"; };
		FCEDD5F82AEC4C6400B6943A /* AnamneseData.swift */ = {isa = PBXFileReference; lastKnownFileType = sourcecode.swift; path = AnamneseData.swift; sourceTree = "<group>"; };
		FCEE46562AE9ADCB00C248C8 /* RegisterPatientViewController.swift */ = {isa = PBXFileReference; lastKnownFileType = sourcecode.swift; path = RegisterPatientViewController.swift; sourceTree = "<group>"; };
/* End PBXFileReference section */

/* Begin PBXFrameworksBuildPhase section */
		CE0FEC2D2ABF64E20030A8C8 /* Frameworks */ = {
			isa = PBXFrameworksBuildPhase;
			buildActionMask = 2147483647;
			files = (
			);
			runOnlyForDeploymentPostprocessing = 0;
		};
/* End PBXFrameworksBuildPhase section */

/* Begin PBXGroup section */
		CE0FEC272ABF64E20030A8C8 = {
			isa = PBXGroup;
			children = (
				CE0FEC322ABF64E20030A8C8 /* Cicatribio */,
				CE0FEC312ABF64E20030A8C8 /* Products */,
			);
			sourceTree = "<group>";
		};
		CE0FEC312ABF64E20030A8C8 /* Products */ = {
			isa = PBXGroup;
			children = (
				CE0FEC302ABF64E20030A8C8 /* Cicatribio.app */,
			);
			name = Products;
			sourceTree = "<group>";
		};
		CE0FEC322ABF64E20030A8C8 /* Cicatribio */ = {
			isa = PBXGroup;
			children = (
				FCDF8B1E2AF184550000D39B /* Utils */,
				FCD850C72AEC0C44001925ED /* Extensions */,
				FCD016BF2AE483BB0055B2D7 /* Components */,
				FCCAC3EB2AE303290083AD43 /* Controllers */,
				FCD671AA2AE218810083FDC2 /* Model */,
				CE0FEC332ABF64E20030A8C8 /* AppDelegate.swift */,
				FC2A19A22AE8914E0009ADB4 /* Views */,
				CE0FEC352ABF64E20030A8C8 /* SceneDelegate.swift */,
				CE0FEC372ABF64E20030A8C8 /* ViewController.swift */,
				CE0FEC392ABF64E20030A8C8 /* Main.storyboard */,
				CE0FEC3C2ABF64E30030A8C8 /* Assets.xcassets */,
				CE0FEC3E2ABF64E30030A8C8 /* LaunchScreen.storyboard */,
				CE0FEC412ABF64E30030A8C8 /* Info.plist */,
				FCA1692E2AE69F7D008C6B50 /* Manager */,
			);
			path = Cicatribio;
			sourceTree = "<group>";
		};
		FC19188A2AF6CE7000E09089 /* PhoneCell */ = {
			isa = PBXGroup;
			children = (
				FC19188B2AF6CE9900E09089 /* PhoneTableViewCell.swift */,
				FC19188C2AF6CE9900E09089 /* PhoneTableViewCell.xib */,
			);
			path = PhoneCell;
			sourceTree = "<group>";
		};
		FC2A198A2AE6B9E80009ADB4 /* selector */ = {
			isa = PBXGroup;
			children = (
				FC2A19862AE6B9DF0009ADB4 /* SelectorTableViewCell.swift */,
				FC2A19872AE6B9DF0009ADB4 /* SelectorTableViewCell.xib */,
			);
			path = selector;
			sourceTree = "<group>";
		};
		FC2A199D2AE879080009ADB4 /* ImagePickerCustomCell */ = {
			isa = PBXGroup;
			children = (
				FC2A199E2AE879390009ADB4 /* ImagePickerCustomTableViewCell.swift */,
				FC2A199F2AE879390009ADB4 /* ImagePickerCustomTableViewCell.xib */,
			);
			path = ImagePickerCustomCell;
			sourceTree = "<group>";
		};
		FC2A19A22AE8914E0009ADB4 /* Views */ = {
			isa = PBXGroup;
			children = (
				FC2A19A52AE8918E0009ADB4 /* AnamnesesView.storyboard */,
			);
			path = Views;
			sourceTree = "<group>";
		};
		FC2A19A92AE8A4CA0009ADB4 /* CarouselCell */ = {
			isa = PBXGroup;
			children = (
				FC2A19AA2AE8A4E30009ADB4 /* carouselTableViewCell.swift */,
				FC2A19AB2AE8A4E30009ADB4 /* carouselTableViewCell.xib */,
			);
			path = CarouselCell;
			sourceTree = "<group>";
		};
		FC2F2B422AEC055C003E104E /* TextCell */ = {
			isa = PBXGroup;
			children = (
				FC2F2B432AEC0571003E104E /* TextTableViewCell.swift */,
				FC2F2B442AEC0571003E104E /* TextTableViewCell.xib */,
			);
			path = TextCell;
			sourceTree = "<group>";
		};
		FC67EFAB2AEAD69A00E5CF00 /* DateCell */ = {
			isa = PBXGroup;
			children = (
				FC67EFA72AEAD69400E5CF00 /* DateTableViewCell.swift */,
				FC67EFA82AEAD69400E5CF00 /* DateTableViewCell.xib */,
			);
			path = DateCell;
			sourceTree = "<group>";
		};
		FC7BBC802AF6BF990005395F /* EditProfile */ = {
			isa = PBXGroup;
			children = (
				FC7BBC812AF6BFAC0005395F /* EditProfileViewController.swift */,
				FC7BBC832AF6BFB60005395F /* EditProfile.storyboard */,
			);
			path = EditProfile;
			sourceTree = "<group>";
		};
		FCA1692E2AE69F7D008C6B50 /* Manager */ = {
			isa = PBXGroup;
			children = (
				FCD671A82AE1C00A0083FDC2 /* ApiManager.swift */,
				FCA1692F2AE69F9C008C6B50 /* UserManager.swift */,
			);
			path = Manager;
			sourceTree = "<group>";
		};
		FCCAC3EB2AE303290083AD43 /* Controllers */ = {
			isa = PBXGroup;
			children = (
				FC7BBC802AF6BF990005395F /* EditProfile */,
				FCEE464F2AE9AD4900C248C8 /* CreatePatient */,
				FCD016BC2AE472980055B2D7 /* AnamnesesViewController.swift */,
				FC2A19932AE804900009ADB4 /* ImageFeaturesViewController.swift */,
				CE0FEC4B2AC89AC60030A8C8 /* CreateAccountViewController.swift */,
				FCD671A22AE16D180083FDC2 /* HomeViewController.swift */,
				CE0FEC492AC899380030A8C8 /* LoginViewController.swift */,
				FCEA347B2AE6868C001B35B4 /* NewAvaliationViewController.swift */,
				FC5A0B652AE69B510024F28B /* RiskFactorsViewController.swift */,
				FC4D8CC72AF6783100BCEB2B /* SegmentationViewController.swift */,
				FC7BBC7E2AF6BB7A0005395F /* ProfileViewController.swift */,
			);
			path = Controllers;
			sourceTree = "<group>";
		};
		FCD016BF2AE483BB0055B2D7 /* Components */ = {
			isa = PBXGroup;
			children = (
				FC19188A2AF6CE7000E09089 /* PhoneCell */,
				FC2A19A92AE8A4CA0009ADB4 /* CarouselCell */,
				FC2A199D2AE879080009ADB4 /* ImagePickerCustomCell */,
				FC2A198A2AE6B9E80009ADB4 /* selector */,
				CE0FEC472ABF69EF0030A8C8 /* CustomAuthTextField.swift */,
				FCD671A42AE19BD70083FDC2 /* MyTableViewCell.swift */,
				FC2F2B422AEC055C003E104E /* TextCell */,
				FCD671A52AE19BD70083FDC2 /* MyTableViewCell.xib */,
				FCD016C02AE487270055B2D7 /* CustomAnamneseCell.swift */,
				FCD016C12AE487270055B2D7 /* CustomAnamneseCell.xib */,
				FC67EFAB2AEAD69A00E5CF00 /* DateCell */,
			);
			path = Components;
			sourceTree = "<group>";
		};
		FCD671AA2AE218810083FDC2 /* Model */ = {
			isa = PBXGroup;
			children = (
				FCD671AB2AE218EA0083FDC2 /* PatitentsData.swift */,
				FCD850CA2AEC156B001925ED /* AnamneseInfo.swift */,
				FCA169312AE6A293008C6B50 /* UserData.swift */,
				FCD016C62AE4A3E20055B2D7 /* Anamnese.swift */,
				FCA1692C2AE69E7E008C6B50 /* MobilitType.swift */,
				FCCAC2102AF016D90065673D /* InjuryType.swift */,
				FCCAC2142AF025100065673D /* FeridaInfo.swift */,
				FC2A198D2AE6F9680009ADB4 /* SelfCare.swift */,
				FC2A198B2AE6F62E0009ADB4 /* HygieneType.swift */,
				FCCAC2122AF01E330065673D /* InjuryInfo.swift */,
				FC2A19952AE8099D0009ADB4 /* SymptomType.swift */,
				FC2A19992AE80C450009ADB4 /* ExudateType.swift */,
				FC2A199B2AE80EF70009ADB4 /* ExudateAmount.swift */,
				FC2A198F2AE6FA1E0009ADB4 /* SkinType.swift */,
				FC2A19972AE80AAC0009ADB4 /* InjurySite.swift */,
				FC2A19912AE7EBA80009ADB4 /* DataOptionType.swift */,
				FCEDD5F82AEC4C6400B6943A /* AnamneseData.swift */,
			);
			path = Model;
			sourceTree = "<group>";
		};
		FCD850C72AEC0C44001925ED /* Extensions */ = {
			isa = PBXGroup;
			children = (
				FCD850C82AEC0C60001925ED /* UIView.swift */,
				FCCAC2162AF08FB90065673D /* UIViewController.swift */,
				FCBD9AF82AF92A950030B6EB /* String.swift */,
			);
			path = Extensions;
			sourceTree = "<group>";
		};
		FCDF8B1E2AF184550000D39B /* Utils */ = {
			isa = PBXGroup;
			children = (
				FCDF8B1F2AF184650000D39B /* CPFValidator.swift */,
			);
			path = Utils;
			sourceTree = "<group>";
		};
		FCEE464F2AE9AD4900C248C8 /* CreatePatient */ = {
			isa = PBXGroup;
			children = (
				FCEE46562AE9ADCB00C248C8 /* RegisterPatientViewController.swift */,
			);
			path = CreatePatient;
			sourceTree = "<group>";
		};
/* End PBXGroup section */

/* Begin PBXNativeTarget section */
		CE0FEC2F2ABF64E20030A8C8 /* Cicatribio */ = {
			isa = PBXNativeTarget;
			buildConfigurationList = CE0FEC442ABF64E30030A8C8 /* Build configuration list for PBXNativeTarget "Cicatribio" */;
			buildPhases = (
				CE0FEC2C2ABF64E20030A8C8 /* Sources */,
				CE0FEC2D2ABF64E20030A8C8 /* Frameworks */,
				CE0FEC2E2ABF64E20030A8C8 /* Resources */,
			);
			buildRules = (
			);
			dependencies = (
			);
			name = Cicatribio;
			productName = Cicatribio;
			productReference = CE0FEC302ABF64E20030A8C8 /* Cicatribio.app */;
			productType = "com.apple.product-type.application";
		};
/* End PBXNativeTarget section */

/* Begin PBXProject section */
		CE0FEC282ABF64E20030A8C8 /* Project object */ = {
			isa = PBXProject;
			attributes = {
				BuildIndependentTargetsInParallel = 1;
				LastSwiftUpdateCheck = 1430;
				LastUpgradeCheck = 1430;
				TargetAttributes = {
					CE0FEC2F2ABF64E20030A8C8 = {
						CreatedOnToolsVersion = 14.3;
					};
				};
			};
			buildConfigurationList = CE0FEC2B2ABF64E20030A8C8 /* Build configuration list for PBXProject "Cicatribio" */;
			compatibilityVersion = "Xcode 14.0";
			developmentRegion = en;
			hasScannedForEncodings = 0;
			knownRegions = (
				en,
				Base,
			);
			mainGroup = CE0FEC272ABF64E20030A8C8;
			productRefGroup = CE0FEC312ABF64E20030A8C8 /* Products */;
			projectDirPath = "";
			projectRoot = "";
			targets = (
				CE0FEC2F2ABF64E20030A8C8 /* Cicatribio */,
			);
		};
/* End PBXProject section */

/* Begin PBXResourcesBuildPhase section */
		CE0FEC2E2ABF64E20030A8C8 /* Resources */ = {
			isa = PBXResourcesBuildPhase;
			buildActionMask = 2147483647;
			files = (
				FC19188E2AF6CE9900E09089 /* PhoneTableViewCell.xib in Resources */,
				FC7BBC842AF6BFB60005395F /* EditProfile.storyboard in Resources */,
				FC67EFAA2AEAD69400E5CF00 /* DateTableViewCell.xib in Resources */,
				FC2A19892AE6B9DF0009ADB4 /* SelectorTableViewCell.xib in Resources */,
				FC2F2B462AEC0571003E104E /* TextTableViewCell.xib in Resources */,
				FC2A19AD2AE8A4E30009ADB4 /* carouselTableViewCell.xib in Resources */,
				FCD016C32AE487270055B2D7 /* CustomAnamneseCell.xib in Resources */,
				CE0FEC402ABF64E30030A8C8 /* LaunchScreen.storyboard in Resources */,
				FCD671A72AE19BD70083FDC2 /* MyTableViewCell.xib in Resources */,
				FC2A19A12AE879390009ADB4 /* ImagePickerCustomTableViewCell.xib in Resources */,
				FC2A19A62AE8918E0009ADB4 /* AnamnesesView.storyboard in Resources */,
				CE0FEC3D2ABF64E30030A8C8 /* Assets.xcassets in Resources */,
				CE0FEC3B2ABF64E20030A8C8 /* Main.storyboard in Resources */,
			);
			runOnlyForDeploymentPostprocessing = 0;
		};
/* End PBXResourcesBuildPhase section */

/* Begin PBXSourcesBuildPhase section */
		CE0FEC2C2ABF64E20030A8C8 /* Sources */ = {
			isa = PBXSourcesBuildPhase;
			buildActionMask = 2147483647;
			files = (
				FC7BBC822AF6BFAC0005395F /* EditProfileViewController.swift in Sources */,
				FC2A19962AE8099D0009ADB4 /* SymptomType.swift in Sources */,
				FCBD9AF92AF92A950030B6EB /* String.swift in Sources */,
				FC2A199A2AE80C450009ADB4 /* ExudateType.swift in Sources */,
				CE0FEC4C2AC89AC60030A8C8 /* CreateAccountViewController.swift in Sources */,
				FC19188D2AF6CE9900E09089 /* PhoneTableViewCell.swift in Sources */,
				FCD671A92AE1C00A0083FDC2 /* ApiManager.swift in Sources */,
				FCA169322AE6A293008C6B50 /* UserData.swift in Sources */,
				FCD671AC2AE218EA0083FDC2 /* PatitentsData.swift in Sources */,
				FC2A19982AE80AAC0009ADB4 /* InjurySite.swift in Sources */,
				FCEDD5F92AEC4C6400B6943A /* AnamneseData.swift in Sources */,
				FC2A198E2AE6F9680009ADB4 /* SelfCare.swift in Sources */,
				FCD671A62AE19BD70083FDC2 /* MyTableViewCell.swift in Sources */,
				FC2A19AC2AE8A4E30009ADB4 /* carouselTableViewCell.swift in Sources */,
				FCDF8B202AF184650000D39B /* CPFValidator.swift in Sources */,
				CE0FEC382ABF64E20030A8C8 /* ViewController.swift in Sources */,
				FCCAC2152AF025100065673D /* FeridaInfo.swift in Sources */,
				CE0FEC482ABF69EF0030A8C8 /* CustomAuthTextField.swift in Sources */,
				FCCAC2172AF08FB90065673D /* UIViewController.swift in Sources */,
				FCD016C72AE4A3E20055B2D7 /* Anamnese.swift in Sources */,
				FCD016BD2AE472980055B2D7 /* AnamnesesViewController.swift in Sources */,
				CE0FEC342ABF64E20030A8C8 /* AppDelegate.swift in Sources */,
				FC2F2B452AEC0571003E104E /* TextTableViewCell.swift in Sources */,
				FCEE46572AE9ADCB00C248C8 /* RegisterPatientViewController.swift in Sources */,
				FC2A19A02AE879390009ADB4 /* ImagePickerCustomTableViewCell.swift in Sources */,
				FCEA347C2AE6868C001B35B4 /* NewAvaliationViewController.swift in Sources */,
				FCCAC2132AF01E330065673D /* InjuryInfo.swift in Sources */,
				FC4D8CC82AF6783100BCEB2B /* SegmentationViewController.swift in Sources */,
				CE0FEC4A2AC899380030A8C8 /* LoginViewController.swift in Sources */,
				FC67EFA92AEAD69400E5CF00 /* DateTableViewCell.swift in Sources */,
				FC2A198C2AE6F62E0009ADB4 /* HygieneType.swift in Sources */,
				FCD671A32AE16D180083FDC2 /* HomeViewController.swift in Sources */,
				FC2A19922AE7EBA80009ADB4 /* DataOptionType.swift in Sources */,
				FCD016C22AE487270055B2D7 /* CustomAnamneseCell.swift in Sources */,
				FC2A19882AE6B9DF0009ADB4 /* SelectorTableViewCell.swift in Sources */,
				CE0FEC362ABF64E20030A8C8 /* SceneDelegate.swift in Sources */,
				FC2A199C2AE80EF70009ADB4 /* ExudateAmount.swift in Sources */,
				FCA1692D2AE69E7E008C6B50 /* MobilitType.swift in Sources */,
				FC5A0B662AE69B510024F28B /* RiskFactorsViewController.swift in Sources */,
				FCD850C92AEC0C60001925ED /* UIView.swift in Sources */,
				FCD850CB2AEC156B001925ED /* AnamneseInfo.swift in Sources */,
				FCCAC2112AF016D90065673D /* InjuryType.swift in Sources */,
				FC2A19902AE6FA1E0009ADB4 /* SkinType.swift in Sources */,
				FC7BBC7F2AF6BB7A0005395F /* ProfileViewController.swift in Sources */,
				FCA169302AE69F9C008C6B50 /* UserManager.swift in Sources */,
				FC2A19942AE804900009ADB4 /* ImageFeaturesViewController.swift in Sources */,
			);
			runOnlyForDeploymentPostprocessing = 0;
		};
/* End PBXSourcesBuildPhase section */

/* Begin PBXVariantGroup section */
		CE0FEC392ABF64E20030A8C8 /* Main.storyboard */ = {
			isa = PBXVariantGroup;
			children = (
				CE0FEC3A2ABF64E20030A8C8 /* Base */,
			);
			name = Main.storyboard;
			sourceTree = "<group>";
		};
		CE0FEC3E2ABF64E30030A8C8 /* LaunchScreen.storyboard */ = {
			isa = PBXVariantGroup;
			children = (
				CE0FEC3F2ABF64E30030A8C8 /* Base */,
			);
			name = LaunchScreen.storyboard;
			sourceTree = "<group>";
		};
/* End PBXVariantGroup section */

/* Begin XCBuildConfiguration section */
		CE0FEC422ABF64E30030A8C8 /* Debug */ = {
			isa = XCBuildConfiguration;
			buildSettings = {
				ALWAYS_SEARCH_USER_PATHS = NO;
				CLANG_ANALYZER_NONNULL = YES;
				CLANG_ANALYZER_NUMBER_OBJECT_CONVERSION = YES_AGGRESSIVE;
				CLANG_CXX_LANGUAGE_STANDARD = "gnu++20";
				CLANG_ENABLE_MODULES = YES;
				CLANG_ENABLE_OBJC_ARC = YES;
				CLANG_ENABLE_OBJC_WEAK = YES;
				CLANG_WARN_BLOCK_CAPTURE_AUTORELEASING = YES;
				CLANG_WARN_BOOL_CONVERSION = YES;
				CLANG_WARN_COMMA = YES;
				CLANG_WARN_CONSTANT_CONVERSION = YES;
				CLANG_WARN_DEPRECATED_OBJC_IMPLEMENTATIONS = YES;
				CLANG_WARN_DIRECT_OBJC_ISA_USAGE = YES_ERROR;
				CLANG_WARN_DOCUMENTATION_COMMENTS = YES;
				CLANG_WARN_EMPTY_BODY = YES;
				CLANG_WARN_ENUM_CONVERSION = YES;
				CLANG_WARN_INFINITE_RECURSION = YES;
				CLANG_WARN_INT_CONVERSION = YES;
				CLANG_WARN_NON_LITERAL_NULL_CONVERSION = YES;
				CLANG_WARN_OBJC_IMPLICIT_RETAIN_SELF = YES;
				CLANG_WARN_OBJC_LITERAL_CONVERSION = YES;
				CLANG_WARN_OBJC_ROOT_CLASS = YES_ERROR;
				CLANG_WARN_QUOTED_INCLUDE_IN_FRAMEWORK_HEADER = YES;
				CLANG_WARN_RANGE_LOOP_ANALYSIS = YES;
				CLANG_WARN_STRICT_PROTOTYPES = YES;
				CLANG_WARN_SUSPICIOUS_MOVE = YES;
				CLANG_WARN_UNGUARDED_AVAILABILITY = YES_AGGRESSIVE;
				CLANG_WARN_UNREACHABLE_CODE = YES;
				CLANG_WARN__DUPLICATE_METHOD_MATCH = YES;
				COPY_PHASE_STRIP = NO;
				DEBUG_INFORMATION_FORMAT = dwarf;
				ENABLE_STRICT_OBJC_MSGSEND = YES;
				ENABLE_TESTABILITY = YES;
				GCC_C_LANGUAGE_STANDARD = gnu11;
				GCC_DYNAMIC_NO_PIC = NO;
				GCC_NO_COMMON_BLOCKS = YES;
				GCC_OPTIMIZATION_LEVEL = 0;
				GCC_PREPROCESSOR_DEFINITIONS = (
					"DEBUG=1",
					"$(inherited)",
				);
				GCC_WARN_64_TO_32_BIT_CONVERSION = YES;
				GCC_WARN_ABOUT_RETURN_TYPE = YES_ERROR;
				GCC_WARN_UNDECLARED_SELECTOR = YES;
				GCC_WARN_UNINITIALIZED_AUTOS = YES_AGGRESSIVE;
				GCC_WARN_UNUSED_FUNCTION = YES;
				GCC_WARN_UNUSED_VARIABLE = YES;
				IPHONEOS_DEPLOYMENT_TARGET = 16.4;
				MTL_ENABLE_DEBUG_INFO = INCLUDE_SOURCE;
				MTL_FAST_MATH = YES;
				ONLY_ACTIVE_ARCH = YES;
				SDKROOT = iphoneos;
				SWIFT_ACTIVE_COMPILATION_CONDITIONS = DEBUG;
				SWIFT_OPTIMIZATION_LEVEL = "-Onone";
			};
			name = Debug;
		};
		CE0FEC432ABF64E30030A8C8 /* Release */ = {
			isa = XCBuildConfiguration;
			buildSettings = {
				ALWAYS_SEARCH_USER_PATHS = NO;
				CLANG_ANALYZER_NONNULL = YES;
				CLANG_ANALYZER_NUMBER_OBJECT_CONVERSION = YES_AGGRESSIVE;
				CLANG_CXX_LANGUAGE_STANDARD = "gnu++20";
				CLANG_ENABLE_MODULES = YES;
				CLANG_ENABLE_OBJC_ARC = YES;
				CLANG_ENABLE_OBJC_WEAK = YES;
				CLANG_WARN_BLOCK_CAPTURE_AUTORELEASING = YES;
				CLANG_WARN_BOOL_CONVERSION = YES;
				CLANG_WARN_COMMA = YES;
				CLANG_WARN_CONSTANT_CONVERSION = YES;
				CLANG_WARN_DEPRECATED_OBJC_IMPLEMENTATIONS = YES;
				CLANG_WARN_DIRECT_OBJC_ISA_USAGE = YES_ERROR;
				CLANG_WARN_DOCUMENTATION_COMMENTS = YES;
				CLANG_WARN_EMPTY_BODY = YES;
				CLANG_WARN_ENUM_CONVERSION = YES;
				CLANG_WARN_INFINITE_RECURSION = YES;
				CLANG_WARN_INT_CONVERSION = YES;
				CLANG_WARN_NON_LITERAL_NULL_CONVERSION = YES;
				CLANG_WARN_OBJC_IMPLICIT_RETAIN_SELF = YES;
				CLANG_WARN_OBJC_LITERAL_CONVERSION = YES;
				CLANG_WARN_OBJC_ROOT_CLASS = YES_ERROR;
				CLANG_WARN_QUOTED_INCLUDE_IN_FRAMEWORK_HEADER = YES;
				CLANG_WARN_RANGE_LOOP_ANALYSIS = YES;
				CLANG_WARN_STRICT_PROTOTYPES = YES;
				CLANG_WARN_SUSPICIOUS_MOVE = YES;
				CLANG_WARN_UNGUARDED_AVAILABILITY = YES_AGGRESSIVE;
				CLANG_WARN_UNREACHABLE_CODE = YES;
				CLANG_WARN__DUPLICATE_METHOD_MATCH = YES;
				COPY_PHASE_STRIP = NO;
				DEBUG_INFORMATION_FORMAT = "dwarf-with-dsym";
				ENABLE_NS_ASSERTIONS = NO;
				ENABLE_STRICT_OBJC_MSGSEND = YES;
				GCC_C_LANGUAGE_STANDARD = gnu11;
				GCC_NO_COMMON_BLOCKS = YES;
				GCC_WARN_64_TO_32_BIT_CONVERSION = YES;
				GCC_WARN_ABOUT_RETURN_TYPE = YES_ERROR;
				GCC_WARN_UNDECLARED_SELECTOR = YES;
				GCC_WARN_UNINITIALIZED_AUTOS = YES_AGGRESSIVE;
				GCC_WARN_UNUSED_FUNCTION = YES;
				GCC_WARN_UNUSED_VARIABLE = YES;
				IPHONEOS_DEPLOYMENT_TARGET = 16.4;
				MTL_ENABLE_DEBUG_INFO = NO;
				MTL_FAST_MATH = YES;
				SDKROOT = iphoneos;
				SWIFT_COMPILATION_MODE = wholemodule;
				SWIFT_OPTIMIZATION_LEVEL = "-O";
				VALIDATE_PRODUCT = YES;
			};
			name = Release;
		};
		CE0FEC452ABF64E30030A8C8 /* Debug */ = {
			isa = XCBuildConfiguration;
			buildSettings = {
				ASSETCATALOG_COMPILER_APPICON_NAME = AppIcon;
				ASSETCATALOG_COMPILER_GLOBAL_ACCENT_COLOR_NAME = AccentColor;
				CODE_SIGN_STYLE = Automatic;
				CURRENT_PROJECT_VERSION = 1;
				GENERATE_INFOPLIST_FILE = YES;
				INFOPLIST_FILE = Cicatribio/Info.plist;
				INFOPLIST_KEY_UIApplicationSupportsIndirectInputEvents = YES;
				INFOPLIST_KEY_UILaunchStoryboardName = LaunchScreen;
				INFOPLIST_KEY_UIMainStoryboardFile = Main;
				INFOPLIST_KEY_UISupportedInterfaceOrientations_iPad = "UIInterfaceOrientationPortrait UIInterfaceOrientationPortraitUpsideDown UIInterfaceOrientationLandscapeLeft UIInterfaceOrientationLandscapeRight";
				INFOPLIST_KEY_UISupportedInterfaceOrientations_iPhone = "UIInterfaceOrientationPortrait UIInterfaceOrientationLandscapeLeft UIInterfaceOrientationLandscapeRight";
				LD_RUNPATH_SEARCH_PATHS = (
					"$(inherited)",
					"@executable_path/Frameworks",
				);
				MARKETING_VERSION = 1.0;
				PRODUCT_BUNDLE_IDENTIFIER = swiftbaiano.com.Cicatribio;
				PRODUCT_NAME = "$(TARGET_NAME)";
				SWIFT_EMIT_LOC_STRINGS = YES;
				SWIFT_VERSION = 5.0;
				TARGETED_DEVICE_FAMILY = "1,2";
			};
			name = Debug;
		};
		CE0FEC462ABF64E30030A8C8 /* Release */ = {
			isa = XCBuildConfiguration;
			buildSettings = {
				ASSETCATALOG_COMPILER_APPICON_NAME = AppIcon;
				ASSETCATALOG_COMPILER_GLOBAL_ACCENT_COLOR_NAME = AccentColor;
				CODE_SIGN_STYLE = Automatic;
				CURRENT_PROJECT_VERSION = 1;
				GENERATE_INFOPLIST_FILE = YES;
				INFOPLIST_FILE = Cicatribio/Info.plist;
				INFOPLIST_KEY_UIApplicationSupportsIndirectInputEvents = YES;
				INFOPLIST_KEY_UILaunchStoryboardName = LaunchScreen;
				INFOPLIST_KEY_UIMainStoryboardFile = Main;
				INFOPLIST_KEY_UISupportedInterfaceOrientations_iPad = "UIInterfaceOrientationPortrait UIInterfaceOrientationPortraitUpsideDown UIInterfaceOrientationLandscapeLeft UIInterfaceOrientationLandscapeRight";
				INFOPLIST_KEY_UISupportedInterfaceOrientations_iPhone = "UIInterfaceOrientationPortrait UIInterfaceOrientationLandscapeLeft UIInterfaceOrientationLandscapeRight";
				LD_RUNPATH_SEARCH_PATHS = (
					"$(inherited)",
					"@executable_path/Frameworks",
				);
				MARKETING_VERSION = 1.0;
				PRODUCT_BUNDLE_IDENTIFIER = swiftbaiano.com.Cicatribio;
				PRODUCT_NAME = "$(TARGET_NAME)";
				SWIFT_EMIT_LOC_STRINGS = YES;
				SWIFT_VERSION = 5.0;
				TARGETED_DEVICE_FAMILY = "1,2";
			};
			name = Release;
		};
/* End XCBuildConfiguration section */

/* Begin XCConfigurationList section */
		CE0FEC2B2ABF64E20030A8C8 /* Build configuration list for PBXProject "Cicatribio" */ = {
			isa = XCConfigurationList;
			buildConfigurations = (
				CE0FEC422ABF64E30030A8C8 /* Debug */,
				CE0FEC432ABF64E30030A8C8 /* Release */,
			);
			defaultConfigurationIsVisible = 0;
			defaultConfigurationName = Release;
		};
		CE0FEC442ABF64E30030A8C8 /* Build configuration list for PBXNativeTarget "Cicatribio" */ = {
			isa = XCConfigurationList;
			buildConfigurations = (
				CE0FEC452ABF64E30030A8C8 /* Debug */,
				CE0FEC462ABF64E30030A8C8 /* Release */,
			);
			defaultConfigurationIsVisible = 0;
			defaultConfigurationName = Release;
		};
/* End XCConfigurationList section */
	};
	rootObject = CE0FEC282ABF64E20030A8C8 /* Project object */;
}
